{
    "agents": {
        "example_agent": {
            "prod": {
                "id": "agent_01jxr1akkdegqsd44cfxryx08v",
                "hash": "38dd7d9025202f22d2c584fe0d72d46e"
            },
            "dev": {
                "id": "agent_01jxr1b3y0f2ysmsc6y956qytn",
                "hash": "38dd7d9025202f22d2c584fe0d72d46e"
            }
        }
    }
}